
Microsoft Visual Studio Solution File, Format Version 12.00
# Visual Studio Version 17
VisualStudioVersion = 17.6.33829.357
MinimumVisualStudioVersion = 10.0.40219.1
Project("{FAE04EC0-301F-11D3-BF4B-00C04F79EFBC}") = "ConsoleDB_MedicareProducts", "ConsoleDB_MedicareProducts\ConsoleDB_MedicareProducts.csproj", "{0071C9FE-8288-408A-9272-725B8B9C27B9}"
EndProject
Global
	GlobalSection(SolutionConfigurationPlatforms) = preSolution
		Debug|Any CPU = Debug|Any CPU
		Release|Any CPU = Release|Any CPU
	EndGlobalSection
	GlobalSection(ProjectConfigurationPlatforms) = postSolution
		{0071C9FE-8288-408A-9272-725B8B9C27B9}.Debug|Any CPU.ActiveCfg = Debug|Any CPU
		{0071C9FE-8288-408A-9272-725B8B9C27B9}.Debug|Any CPU.Build.0 = Debug|Any CPU
		{0071C9FE-8288-408A-9272-725B8B9C27B9}.Release|Any CPU.ActiveCfg = Release|Any CPU
		{0071C9FE-8288-408A-9272-725B8B9C27B9}.Release|Any CPU.Build.0 = Release|Any CPU
	EndGlobalSection
	GlobalSection(SolutionProperties) = preSolution
		HideSolutionNode = FALSE
	EndGlobalSection
	GlobalSection(ExtensibilityGlobals) = postSolution
		SolutionGuid = {5BE60174-A768-4D9C-B5DA-1591F65B594D}
	EndGlobalSection
EndGlobal
